
Microsoft Visual Studio Solution File, Format Version 12.00
# Visual Studio Version 16
VisualStudioVersion = 16.0.31025.194
MinimumVisualStudioVersion = 10.0.40219.1
Project("{8BC9CEB8-8B4A-11D0-8D11-00A0C91BC942}") = "Lab 1(d)", "Lab 1(d).vcxproj", "{EAF5DAE9-015A-4531-99B8-3D6772952293}"
EndProject
Global
	GlobalSection(SolutionConfigurationPlatforms) = preSolution
		Debug|x64 = Debug|x64
		Debug|x86 = Debug|x86
		Release|x64 = Release|x64
		Release|x86 = Release|x86
	EndGlobalSection
	GlobalSection(ProjectConfigurationPlatforms) = postSolution
		{EAF5DAE9-015A-4531-99B8-3D6772952293}.Debug|x64.ActiveCfg = Debug|x64
		{EAF5DAE9-015A-4531-99B8-3D6772952293}.Debug|x64.Build.0 = Debug|x64
		{EAF5DAE9-015A-4531-99B8-3D6772952293}.Debug|x86.ActiveCfg = Debug|Win32
		{EAF5DAE9-015A-4531-99B8-3D6772952293}.Debug|x86.Build.0 = Debug|Win32
		{EAF5DAE9-015A-4531-99B8-3D6772952293}.Release|x64.ActiveCfg = Release|x64
		{EAF5DAE9-015A-4531-99B8-3D6772952293}.Release|x64.Build.0 = Release|x64
		{EAF5DAE9-015A-4531-99B8-3D6772952293}.Release|x86.ActiveCfg = Release|Win32
		{EAF5DAE9-015A-4531-99B8-3D6772952293}.Release|x86.Build.0 = Release|Win32
	EndGlobalSection
	GlobalSection(SolutionProperties) = preSolution
		HideSolutionNode = FALSE
	EndGlobalSection
	GlobalSection(ExtensibilityGlobals) = postSolution
		SolutionGuid = {9F0FE28A-5250-4FC3-A3E1-D1D1D003A580}
	EndGlobalSection
EndGlobal
